
Microsoft Visual Studio Solution File, Format Version 12.00
# Visual Studio Version 16
VisualStudioVersion = 16.0.31313.79
MinimumVisualStudioVersion = 10.0.40219.1
Project("{9A19103F-16F7-4668-BE54-9A1E7A4F7556}") = "ConsoleApp8", "ConsoleApp8.csproj", "{C7117ACE-AA20-4A11-A2CF-FD359F9E4FCD}"
EndProject
Project("{FAE04EC0-301F-11D3-BF4B-00C04F79EFBC}") = "TestProject1", "..\TestProject1\TestProject1.csproj", "{E81F1D0B-AF23-448A-B854-0EA1ED5DD1D8}"
EndProject
Global
	GlobalSection(SolutionConfigurationPlatforms) = preSolution
		Debug|Any CPU = Debug|Any CPU
		Release|Any CPU = Release|Any CPU
	EndGlobalSection
	GlobalSection(ProjectConfigurationPlatforms) = postSolution
		{C7117ACE-AA20-4A11-A2CF-FD359F9E4FCD}.Debug|Any CPU.ActiveCfg = Debug|Any CPU
		{C7117ACE-AA20-4A11-A2CF-FD359F9E4FCD}.Debug|Any CPU.Build.0 = Debug|Any CPU
		{C7117ACE-AA20-4A11-A2CF-FD359F9E4FCD}.Release|Any CPU.ActiveCfg = Release|Any CPU
		{C7117ACE-AA20-4A11-A2CF-FD359F9E4FCD}.Release|Any CPU.Build.0 = Release|Any CPU
		{E81F1D0B-AF23-448A-B854-0EA1ED5DD1D8}.Debug|Any CPU.ActiveCfg = Debug|Any CPU
		{E81F1D0B-AF23-448A-B854-0EA1ED5DD1D8}.Debug|Any CPU.Build.0 = Debug|Any CPU
		{E81F1D0B-AF23-448A-B854-0EA1ED5DD1D8}.Release|Any CPU.ActiveCfg = Release|Any CPU
		{E81F1D0B-AF23-448A-B854-0EA1ED5DD1D8}.Release|Any CPU.Build.0 = Release|Any CPU
	EndGlobalSection
	GlobalSection(SolutionProperties) = preSolution
		HideSolutionNode = FALSE
	EndGlobalSection
	GlobalSection(ExtensibilityGlobals) = postSolution
		SolutionGuid = {457A2E64-4A46-443F-BF89-4CC50980BCE4}
	EndGlobalSection
EndGlobal
